
Microsoft Visual Studio Solution File, Format Version 12.00
# Visual Studio Version 17
VisualStudioVersion = 17.10.35027.167
MinimumVisualStudioVersion = 10.0.40219.1
Project("{9A19103F-16F7-4668-BE54-9A1E7A4F7556}") = "01_MainSubjects", "01_MainSubjects\01_MainSubjects.csproj", "{FFEA4E1D-3E4D-4BC6-907A-E44AF05A06F3}"
EndProject
Project("{9A19103F-16F7-4668-BE54-9A1E7A4F7556}") = "02_Variables", "02_Variables\02_Variables.csproj", "{34212BC0-6BAD-4D08-B9B6-6AF95E731DC7}"
EndProject
Project("{9A19103F-16F7-4668-BE54-9A1E7A4F7556}") = "03_MakingDecision", "03_MakingDecision\03_MakingDecision.csproj", "{4FC6176E-027C-4AF0-BCC8-12404ADD5736}"
EndProject
Project("{FAE04EC0-301F-11D3-BF4B-00C04F79EFBC}") = "04_Loops", "04_Loops\04_Loops.csproj", "{4E8D50E4-61C5-40D0-92A0-4F762538B692}"
EndProject
Project("{FAE04EC0-301F-11D3-BF4B-00C04F79EFBC}") = "05_LoopsWithStars", "05_LoopsWithStart\05_LoopsWithStars.csproj", "{3EE85F59-8CFF-4622-B762-CF4AC1E296EA}"
EndProject
Project("{FAE04EC0-301F-11D3-BF4B-00C04F79EFBC}") = "06_Arrays", "06_Arrays\06_Arrays.csproj", "{2682989E-9CD6-43CC-B182-D0516A0167F4}"
EndProject
Project("{FAE04EC0-301F-11D3-BF4B-00C04F79EFBC}") = "07_ForeachLoops", "07_ForeachLoops\07_ForeachLoops.csproj", "{37B86642-49FB-489F-BD59-952C9E4DEB72}"
EndProject
Global
	GlobalSection(SolutionConfigurationPlatforms) = preSolution
		Debug|Any CPU = Debug|Any CPU
		Release|Any CPU = Release|Any CPU
	EndGlobalSection
	GlobalSection(ProjectConfigurationPlatforms) = postSolution
		{FFEA4E1D-3E4D-4BC6-907A-E44AF05A06F3}.Debug|Any CPU.ActiveCfg = Debug|Any CPU
		{FFEA4E1D-3E4D-4BC6-907A-E44AF05A06F3}.Debug|Any CPU.Build.0 = Debug|Any CPU
		{FFEA4E1D-3E4D-4BC6-907A-E44AF05A06F3}.Release|Any CPU.ActiveCfg = Release|Any CPU
		{FFEA4E1D-3E4D-4BC6-907A-E44AF05A06F3}.Release|Any CPU.Build.0 = Release|Any CPU
		{34212BC0-6BAD-4D08-B9B6-6AF95E731DC7}.Debug|Any CPU.ActiveCfg = Debug|Any CPU
		{34212BC0-6BAD-4D08-B9B6-6AF95E731DC7}.Debug|Any CPU.Build.0 = Debug|Any CPU
		{34212BC0-6BAD-4D08-B9B6-6AF95E731DC7}.Release|Any CPU.ActiveCfg = Release|Any CPU
		{34212BC0-6BAD-4D08-B9B6-6AF95E731DC7}.Release|Any CPU.Build.0 = Release|Any CPU
		{4FC6176E-027C-4AF0-BCC8-12404ADD5736}.Debug|Any CPU.ActiveCfg = Debug|Any CPU
		{4FC6176E-027C-4AF0-BCC8-12404ADD5736}.Debug|Any CPU.Build.0 = Debug|Any CPU
		{4FC6176E-027C-4AF0-BCC8-12404ADD5736}.Release|Any CPU.ActiveCfg = Release|Any CPU
		{4FC6176E-027C-4AF0-BCC8-12404ADD5736}.Release|Any CPU.Build.0 = Release|Any CPU
		{4E8D50E4-61C5-40D0-92A0-4F762538B692}.Debug|Any CPU.ActiveCfg = Debug|Any CPU
		{4E8D50E4-61C5-40D0-92A0-4F762538B692}.Debug|Any CPU.Build.0 = Debug|Any CPU
		{4E8D50E4-61C5-40D0-92A0-4F762538B692}.Release|Any CPU.ActiveCfg = Release|Any CPU
		{4E8D50E4-61C5-40D0-92A0-4F762538B692}.Release|Any CPU.Build.0 = Release|Any CPU
		{3EE85F59-8CFF-4622-B762-CF4AC1E296EA}.Debug|Any CPU.ActiveCfg = Debug|Any CPU
		{3EE85F59-8CFF-4622-B762-CF4AC1E296EA}.Debug|Any CPU.Build.0 = Debug|Any CPU
		{3EE85F59-8CFF-4622-B762-CF4AC1E296EA}.Release|Any CPU.ActiveCfg = Release|Any CPU
		{3EE85F59-8CFF-4622-B762-CF4AC1E296EA}.Release|Any CPU.Build.0 = Release|Any CPU
		{2682989E-9CD6-43CC-B182-D0516A0167F4}.Debug|Any CPU.ActiveCfg = Debug|Any CPU
		{2682989E-9CD6-43CC-B182-D0516A0167F4}.Debug|Any CPU.Build.0 = Debug|Any CPU
		{2682989E-9CD6-43CC-B182-D0516A0167F4}.Release|Any CPU.ActiveCfg = Release|Any CPU
		{2682989E-9CD6-43CC-B182-D0516A0167F4}.Release|Any CPU.Build.0 = Release|Any CPU
		{37B86642-49FB-489F-BD59-952C9E4DEB72}.Debug|Any CPU.ActiveCfg = Debug|Any CPU
		{37B86642-49FB-489F-BD59-952C9E4DEB72}.Debug|Any CPU.Build.0 = Debug|Any CPU
		{37B86642-49FB-489F-BD59-952C9E4DEB72}.Release|Any CPU.ActiveCfg = Release|Any CPU
		{37B86642-49FB-489F-BD59-952C9E4DEB72}.Release|Any CPU.Build.0 = Release|Any CPU
	EndGlobalSection
	GlobalSection(SolutionProperties) = preSolution
		HideSolutionNode = FALSE
	EndGlobalSection
	GlobalSection(ExtensibilityGlobals) = postSolution
		SolutionGuid = {EF5E0FEA-FFD5-4003-9EFE-A6292D030606}
	EndGlobalSection
EndGlobal
